
Microsoft Visual Studio Solution File, Format Version 12.00
# Visual Studio Version 17
VisualStudioVersion = 17.2.32630.192
MinimumVisualStudioVersion = 10.0.40219.1
Project("{D954291E-2A0B-460D-934E-DC6B0785DB48}") = "DungeonEngine.Core", "DungeonEngine.Core\DungeonEngine.Core.shproj", "{186CE1EC-4E43-4D2A-9894-8FDE488686DD}"
EndProject
Project("{9A19103F-16F7-4668-BE54-9A1E7A4F7556}") = "DungeonbladeHK_Remake", "DungeonEngine.Launcher\DungeonbladeHK_Remake.csproj", "{6CC9624A-18C8-4331-B3E3-3CB5B9018E97}"
EndProject
Global
	GlobalSection(SolutionConfigurationPlatforms) = preSolution
		Debug|Any CPU = Debug|Any CPU
		Release|Any CPU = Release|Any CPU
	EndGlobalSection
	GlobalSection(ProjectConfigurationPlatforms) = postSolution
		{6CC9624A-18C8-4331-B3E3-3CB5B9018E97}.Debug|Any CPU.ActiveCfg = Debug|Any CPU
		{6CC9624A-18C8-4331-B3E3-3CB5B9018E97}.Debug|Any CPU.Build.0 = Debug|Any CPU
		{6CC9624A-18C8-4331-B3E3-3CB5B9018E97}.Release|Any CPU.ActiveCfg = Release|Any CPU
		{6CC9624A-18C8-4331-B3E3-3CB5B9018E97}.Release|Any CPU.Build.0 = Release|Any CPU
	EndGlobalSection
	GlobalSection(SolutionProperties) = preSolution
		HideSolutionNode = FALSE
	EndGlobalSection
	GlobalSection(ExtensibilityGlobals) = postSolution
		SolutionGuid = {B43B960F-A84A-417A-8A82-BA37498E7B97}
	EndGlobalSection
	GlobalSection(SharedMSBuildProjectFiles) = preSolution
		DungeonEngine.Core\DungeonEngine.Core.projitems*{186ce1ec-4e43-4d2a-9894-8fde488686dd}*SharedItemsImports = 13
		DungeonEngine.Core\DungeonEngine.Core.projitems*{6cc9624a-18c8-4331-b3e3-3cb5b9018e97}*SharedItemsImports = 5
	EndGlobalSection
EndGlobal
